
Microsoft Visual Studio Solution File, Format Version 12.00
# Visual Studio 15
VisualStudioVersion = 15.0.26124.0
MinimumVisualStudioVersion = 15.0.26124.0
Project("{FAE04EC0-301F-11D3-BF4B-00C04F79EFBC}") = "Cli", "Cli\Cli.csproj", "{771A3410-CBD6-45EF-8FFB-806972C90C54}"
EndProject
Project("{2150E333-8FDC-42A3-9474-1A3956D46DE8}") = "Web", "Web", "{691EC5A4-D36B-4BC6-93ED-4FF4E9E34F29}"
EndProject
Project("{FAE04EC0-301F-11D3-BF4B-00C04F79EFBC}") = "Api", "Web\Api\Api.csproj", "{16983A04-E9C6-4068-A1D0-5830FA14FB7A}"
EndProject
Project("{FAE04EC0-301F-11D3-BF4B-00C04F79EFBC}") = "MvcApp", "Web\MvcApp\MvcApp.csproj", "{D3649964-B187-43B1-BAF1-61DFBB596332}"
EndProject
Project("{FAE04EC0-301F-11D3-BF4B-00C04F79EFBC}") = "RazorApp", "Web\RazorApp\RazorApp.csproj", "{AA790D34-2877-4BF1-BAE9-EE1D47D0BBFF}"
EndProject
Project("{FAE04EC0-301F-11D3-BF4B-00C04F79EFBC}") = "AngularApp", "Web\AngularApp\AngularApp.csproj", "{A92FCA04-275B-4516-B008-30A5B156705D}"
EndProject
Project("{2150E333-8FDC-42A3-9474-1A3956D46DE8}") = "Tests", "Tests", "{00A7E1FE-E452-4DD7-B3DA-0C02AF98C2E7}"
EndProject
Project("{FAE04EC0-301F-11D3-BF4B-00C04F79EFBC}") = "MSTest", "Tests\MSTest\MSTest.csproj", "{0E6E7B44-0ADD-460C-B28F-E6D267846659}"
EndProject
Project("{FAE04EC0-301F-11D3-BF4B-00C04F79EFBC}") = "XUnitTest", "Tests\XUnitTest\XUnitTest.csproj", "{6EAF5B05-1F79-494A-8436-327E6889109A}"
EndProject
Project("{FAE04EC0-301F-11D3-BF4B-00C04F79EFBC}") = "NUnitTest", "Tests\NUnitTest\NUnitTest.csproj", "{F948321C-9761-4EB1-83D3-C53F10FDEB82}"
EndProject
Project("{2150E333-8FDC-42A3-9474-1A3956D46DE8}") = "Common", "Common", "{2D62C8B0-9D52-4822-A24D-CF098249233C}"
EndProject
Project("{FAE04EC0-301F-11D3-BF4B-00C04F79EFBC}") = "Core", "Common\Core\Core.csproj", "{96A02184-7FA2-46CA-BC9B-CE2B456DD9DB}"
EndProject
Project("{FAE04EC0-301F-11D3-BF4B-00C04F79EFBC}") = "Roslyn", "Common\Roslyn\Roslyn.csproj", "{3E8EFE5D-8048-423C-9296-8AEA3A276C69}"
EndProject
Global
	GlobalSection(SolutionConfigurationPlatforms) = preSolution
		Debug|Any CPU = Debug|Any CPU
		Debug|x64 = Debug|x64
		Debug|x86 = Debug|x86
		Release|Any CPU = Release|Any CPU
		Release|x64 = Release|x64
		Release|x86 = Release|x86
	EndGlobalSection
	GlobalSection(SolutionProperties) = preSolution
		HideSolutionNode = FALSE
	EndGlobalSection
	GlobalSection(ProjectConfigurationPlatforms) = postSolution
		{771A3410-CBD6-45EF-8FFB-806972C90C54}.Debug|Any CPU.ActiveCfg = Debug|Any CPU
		{771A3410-CBD6-45EF-8FFB-806972C90C54}.Debug|Any CPU.Build.0 = Debug|Any CPU
		{771A3410-CBD6-45EF-8FFB-806972C90C54}.Debug|x64.ActiveCfg = Debug|Any CPU
		{771A3410-CBD6-45EF-8FFB-806972C90C54}.Debug|x64.Build.0 = Debug|Any CPU
		{771A3410-CBD6-45EF-8FFB-806972C90C54}.Debug|x86.ActiveCfg = Debug|Any CPU
		{771A3410-CBD6-45EF-8FFB-806972C90C54}.Debug|x86.Build.0 = Debug|Any CPU
		{771A3410-CBD6-45EF-8FFB-806972C90C54}.Release|Any CPU.ActiveCfg = Release|Any CPU
		{771A3410-CBD6-45EF-8FFB-806972C90C54}.Release|Any CPU.Build.0 = Release|Any CPU
		{771A3410-CBD6-45EF-8FFB-806972C90C54}.Release|x64.ActiveCfg = Release|Any CPU
		{771A3410-CBD6-45EF-8FFB-806972C90C54}.Release|x64.Build.0 = Release|Any CPU
		{771A3410-CBD6-45EF-8FFB-806972C90C54}.Release|x86.ActiveCfg = Release|Any CPU
		{771A3410-CBD6-45EF-8FFB-806972C90C54}.Release|x86.Build.0 = Release|Any CPU
		{16983A04-E9C6-4068-A1D0-5830FA14FB7A}.Debug|Any CPU.ActiveCfg = Debug|Any CPU
		{16983A04-E9C6-4068-A1D0-5830FA14FB7A}.Debug|Any CPU.Build.0 = Debug|Any CPU
		{16983A04-E9C6-4068-A1D0-5830FA14FB7A}.Debug|x64.ActiveCfg = Debug|Any CPU
		{16983A04-E9C6-4068-A1D0-5830FA14FB7A}.Debug|x64.Build.0 = Debug|Any CPU
		{16983A04-E9C6-4068-A1D0-5830FA14FB7A}.Debug|x86.ActiveCfg = Debug|Any CPU
		{16983A04-E9C6-4068-A1D0-5830FA14FB7A}.Debug|x86.Build.0 = Debug|Any CPU
		{16983A04-E9C6-4068-A1D0-5830FA14FB7A}.Release|Any CPU.ActiveCfg = Release|Any CPU
		{16983A04-E9C6-4068-A1D0-5830FA14FB7A}.Release|Any CPU.Build.0 = Release|Any CPU
		{16983A04-E9C6-4068-A1D0-5830FA14FB7A}.Release|x64.ActiveCfg = Release|Any CPU
		{16983A04-E9C6-4068-A1D0-5830FA14FB7A}.Release|x64.Build.0 = Release|Any CPU
		{16983A04-E9C6-4068-A1D0-5830FA14FB7A}.Release|x86.ActiveCfg = Release|Any CPU
		{16983A04-E9C6-4068-A1D0-5830FA14FB7A}.Release|x86.Build.0 = Release|Any CPU
		{D3649964-B187-43B1-BAF1-61DFBB596332}.Debug|Any CPU.ActiveCfg = Debug|Any CPU
		{D3649964-B187-43B1-BAF1-61DFBB596332}.Debug|Any CPU.Build.0 = Debug|Any CPU
		{D3649964-B187-43B1-BAF1-61DFBB596332}.Debug|x64.ActiveCfg = Debug|Any CPU
		{D3649964-B187-43B1-BAF1-61DFBB596332}.Debug|x64.Build.0 = Debug|Any CPU
		{D3649964-B187-43B1-BAF1-61DFBB596332}.Debug|x86.ActiveCfg = Debug|Any CPU
		{D3649964-B187-43B1-BAF1-61DFBB596332}.Debug|x86.Build.0 = Debug|Any CPU
		{D3649964-B187-43B1-BAF1-61DFBB596332}.Release|Any CPU.ActiveCfg = Release|Any CPU
		{D3649964-B187-43B1-BAF1-61DFBB596332}.Release|Any CPU.Build.0 = Release|Any CPU
		{D3649964-B187-43B1-BAF1-61DFBB596332}.Release|x64.ActiveCfg = Release|Any CPU
		{D3649964-B187-43B1-BAF1-61DFBB596332}.Release|x64.Build.0 = Release|Any CPU
		{D3649964-B187-43B1-BAF1-61DFBB596332}.Release|x86.ActiveCfg = Release|Any CPU
		{D3649964-B187-43B1-BAF1-61DFBB596332}.Release|x86.Build.0 = Release|Any CPU
		{AA790D34-2877-4BF1-BAE9-EE1D47D0BBFF}.Debug|Any CPU.ActiveCfg = Debug|Any CPU
		{AA790D34-2877-4BF1-BAE9-EE1D47D0BBFF}.Debug|Any CPU.Build.0 = Debug|Any CPU
		{AA790D34-2877-4BF1-BAE9-EE1D47D0BBFF}.Debug|x64.ActiveCfg = Debug|Any CPU
		{AA790D34-2877-4BF1-BAE9-EE1D47D0BBFF}.Debug|x64.Build.0 = Debug|Any CPU
		{AA790D34-2877-4BF1-BAE9-EE1D47D0BBFF}.Debug|x86.ActiveCfg = Debug|Any CPU
		{AA790D34-2877-4BF1-BAE9-EE1D47D0BBFF}.Debug|x86.Build.0 = Debug|Any CPU
		{AA790D34-2877-4BF1-BAE9-EE1D47D0BBFF}.Release|Any CPU.ActiveCfg = Release|Any CPU
		{AA790D34-2877-4BF1-BAE9-EE1D47D0BBFF}.Release|Any CPU.Build.0 = Release|Any CPU
		{AA790D34-2877-4BF1-BAE9-EE1D47D0BBFF}.Release|x64.ActiveCfg = Release|Any CPU
		{AA790D34-2877-4BF1-BAE9-EE1D47D0BBFF}.Release|x64.Build.0 = Release|Any CPU
		{AA790D34-2877-4BF1-BAE9-EE1D47D0BBFF}.Release|x86.ActiveCfg = Release|Any CPU
		{AA790D34-2877-4BF1-BAE9-EE1D47D0BBFF}.Release|x86.Build.0 = Release|Any CPU
		{A92FCA04-275B-4516-B008-30A5B156705D}.Debug|Any CPU.ActiveCfg = Debug|Any CPU
		{A92FCA04-275B-4516-B008-30A5B156705D}.Debug|Any CPU.Build.0 = Debug|Any CPU
		{A92FCA04-275B-4516-B008-30A5B156705D}.Debug|x64.ActiveCfg = Debug|Any CPU
		{A92FCA04-275B-4516-B008-30A5B156705D}.Debug|x64.Build.0 = Debug|Any CPU
		{A92FCA04-275B-4516-B008-30A5B156705D}.Debug|x86.ActiveCfg = Debug|Any CPU
		{A92FCA04-275B-4516-B008-30A5B156705D}.Debug|x86.Build.0 = Debug|Any CPU
		{A92FCA04-275B-4516-B008-30A5B156705D}.Release|Any CPU.ActiveCfg = Release|Any CPU
		{A92FCA04-275B-4516-B008-30A5B156705D}.Release|Any CPU.Build.0 = Release|Any CPU
		{A92FCA04-275B-4516-B008-30A5B156705D}.Release|x64.ActiveCfg = Release|Any CPU
		{A92FCA04-275B-4516-B008-30A5B156705D}.Release|x64.Build.0 = Release|Any CPU
		{A92FCA04-275B-4516-B008-30A5B156705D}.Release|x86.ActiveCfg = Release|Any CPU
		{A92FCA04-275B-4516-B008-30A5B156705D}.Release|x86.Build.0 = Release|Any CPU
		{0E6E7B44-0ADD-460C-B28F-E6D267846659}.Debug|Any CPU.ActiveCfg = Debug|Any CPU
		{0E6E7B44-0ADD-460C-B28F-E6D267846659}.Debug|Any CPU.Build.0 = Debug|Any CPU
		{0E6E7B44-0ADD-460C-B28F-E6D267846659}.Debug|x64.ActiveCfg = Debug|Any CPU
		{0E6E7B44-0ADD-460C-B28F-E6D267846659}.Debug|x64.Build.0 = Debug|Any CPU
		{0E6E7B44-0ADD-460C-B28F-E6D267846659}.Debug|x86.ActiveCfg = Debug|Any CPU
		{0E6E7B44-0ADD-460C-B28F-E6D267846659}.Debug|x86.Build.0 = Debug|Any CPU
		{0E6E7B44-0ADD-460C-B28F-E6D267846659}.Release|Any CPU.ActiveCfg = Release|Any CPU
		{0E6E7B44-0ADD-460C-B28F-E6D267846659}.Release|Any CPU.Build.0 = Release|Any CPU
		{0E6E7B44-0ADD-460C-B28F-E6D267846659}.Release|x64.ActiveCfg = Release|Any CPU
		{0E6E7B44-0ADD-460C-B28F-E6D267846659}.Release|x64.Build.0 = Release|Any CPU
		{0E6E7B44-0ADD-460C-B28F-E6D267846659}.Release|x86.ActiveCfg = Release|Any CPU
		{0E6E7B44-0ADD-460C-B28F-E6D267846659}.Release|x86.Build.0 = Release|Any CPU
		{6EAF5B05-1F79-494A-8436-327E6889109A}.Debug|Any CPU.ActiveCfg = Debug|Any CPU
		{6EAF5B05-1F79-494A-8436-327E6889109A}.Debug|Any CPU.Build.0 = Debug|Any CPU
		{6EAF5B05-1F79-494A-8436-327E6889109A}.Debug|x64.ActiveCfg = Debug|Any CPU
		{6EAF5B05-1F79-494A-8436-327E6889109A}.Debug|x64.Build.0 = Debug|Any CPU
		{6EAF5B05-1F79-494A-8436-327E6889109A}.Debug|x86.ActiveCfg = Debug|Any CPU
		{6EAF5B05-1F79-494A-8436-327E6889109A}.Debug|x86.Build.0 = Debug|Any CPU
		{6EAF5B05-1F79-494A-8436-327E6889109A}.Release|Any CPU.ActiveCfg = Release|Any CPU
		{6EAF5B05-1F79-494A-8436-327E6889109A}.Release|Any CPU.Build.0 = Release|Any CPU
		{6EAF5B05-1F79-494A-8436-327E6889109A}.Release|x64.ActiveCfg = Release|Any CPU
		{6EAF5B05-1F79-494A-8436-327E6889109A}.Release|x64.Build.0 = Release|Any CPU
		{6EAF5B05-1F79-494A-8436-327E6889109A}.Release|x86.ActiveCfg = Release|Any CPU
		{6EAF5B05-1F79-494A-8436-327E6889109A}.Release|x86.Build.0 = Release|Any CPU
		{F948321C-9761-4EB1-83D3-C53F10FDEB82}.Debug|Any CPU.ActiveCfg = Debug|Any CPU
		{F948321C-9761-4EB1-83D3-C53F10FDEB82}.Debug|Any CPU.Build.0 = Debug|Any CPU
		{F948321C-9761-4EB1-83D3-C53F10FDEB82}.Debug|x64.ActiveCfg = Debug|Any CPU
		{F948321C-9761-4EB1-83D3-C53F10FDEB82}.Debug|x64.Build.0 = Debug|Any CPU
		{F948321C-9761-4EB1-83D3-C53F10FDEB82}.Debug|x86.ActiveCfg = Debug|Any CPU
		{F948321C-9761-4EB1-83D3-C53F10FDEB82}.Debug|x86.Build.0 = Debug|Any CPU
		{F948321C-9761-4EB1-83D3-C53F10FDEB82}.Release|Any CPU.ActiveCfg = Release|Any CPU
		{F948321C-9761-4EB1-83D3-C53F10FDEB82}.Release|Any CPU.Build.0 = Release|Any CPU
		{F948321C-9761-4EB1-83D3-C53F10FDEB82}.Release|x64.ActiveCfg = Release|Any CPU
		{F948321C-9761-4EB1-83D3-C53F10FDEB82}.Release|x64.Build.0 = Release|Any CPU
		{F948321C-9761-4EB1-83D3-C53F10FDEB82}.Release|x86.ActiveCfg = Release|Any CPU
		{F948321C-9761-4EB1-83D3-C53F10FDEB82}.Release|x86.Build.0 = Release|Any CPU
		{96A02184-7FA2-46CA-BC9B-CE2B456DD9DB}.Debug|Any CPU.ActiveCfg = Debug|Any CPU
		{96A02184-7FA2-46CA-BC9B-CE2B456DD9DB}.Debug|Any CPU.Build.0 = Debug|Any CPU
		{96A02184-7FA2-46CA-BC9B-CE2B456DD9DB}.Debug|x64.ActiveCfg = Debug|Any CPU
		{96A02184-7FA2-46CA-BC9B-CE2B456DD9DB}.Debug|x64.Build.0 = Debug|Any CPU
		{96A02184-7FA2-46CA-BC9B-CE2B456DD9DB}.Debug|x86.ActiveCfg = Debug|Any CPU
		{96A02184-7FA2-46CA-BC9B-CE2B456DD9DB}.Debug|x86.Build.0 = Debug|Any CPU
		{96A02184-7FA2-46CA-BC9B-CE2B456DD9DB}.Release|Any CPU.ActiveCfg = Release|Any CPU
		{96A02184-7FA2-46CA-BC9B-CE2B456DD9DB}.Release|Any CPU.Build.0 = Release|Any CPU
		{96A02184-7FA2-46CA-BC9B-CE2B456DD9DB}.Release|x64.ActiveCfg = Release|Any CPU
		{96A02184-7FA2-46CA-BC9B-CE2B456DD9DB}.Release|x64.Build.0 = Release|Any CPU
		{96A02184-7FA2-46CA-BC9B-CE2B456DD9DB}.Release|x86.ActiveCfg = Release|Any CPU
		{96A02184-7FA2-46CA-BC9B-CE2B456DD9DB}.Release|x86.Build.0 = Release|Any CPU
		{3E8EFE5D-8048-423C-9296-8AEA3A276C69}.Debug|Any CPU.ActiveCfg = Debug|Any CPU
		{3E8EFE5D-8048-423C-9296-8AEA3A276C69}.Debug|Any CPU.Build.0 = Debug|Any CPU
		{3E8EFE5D-8048-423C-9296-8AEA3A276C69}.Debug|x64.ActiveCfg = Debug|Any CPU
		{3E8EFE5D-8048-423C-9296-8AEA3A276C69}.Debug|x64.Build.0 = Debug|Any CPU
		{3E8EFE5D-8048-423C-9296-8AEA3A276C69}.Debug|x86.ActiveCfg = Debug|Any CPU
		{3E8EFE5D-8048-423C-9296-8AEA3A276C69}.Debug|x86.Build.0 = Debug|Any CPU
		{3E8EFE5D-8048-423C-9296-8AEA3A276C69}.Release|Any CPU.ActiveCfg = Release|Any CPU
		{3E8EFE5D-8048-423C-9296-8AEA3A276C69}.Release|Any CPU.Build.0 = Release|Any CPU
		{3E8EFE5D-8048-423C-9296-8AEA3A276C69}.Release|x64.ActiveCfg = Release|Any CPU
		{3E8EFE5D-8048-423C-9296-8AEA3A276C69}.Release|x64.Build.0 = Release|Any CPU
		{3E8EFE5D-8048-423C-9296-8AEA3A276C69}.Release|x86.ActiveCfg = Release|Any CPU
		{3E8EFE5D-8048-423C-9296-8AEA3A276C69}.Release|x86.Build.0 = Release|Any CPU
	EndGlobalSection
	GlobalSection(NestedProjects) = preSolution
		{16983A04-E9C6-4068-A1D0-5830FA14FB7A} = {691EC5A4-D36B-4BC6-93ED-4FF4E9E34F29}
		{D3649964-B187-43B1-BAF1-61DFBB596332} = {691EC5A4-D36B-4BC6-93ED-4FF4E9E34F29}
		{AA790D34-2877-4BF1-BAE9-EE1D47D0BBFF} = {691EC5A4-D36B-4BC6-93ED-4FF4E9E34F29}
		{A92FCA04-275B-4516-B008-30A5B156705D} = {691EC5A4-D36B-4BC6-93ED-4FF4E9E34F29}
		{0E6E7B44-0ADD-460C-B28F-E6D267846659} = {00A7E1FE-E452-4DD7-B3DA-0C02AF98C2E7}
		{6EAF5B05-1F79-494A-8436-327E6889109A} = {00A7E1FE-E452-4DD7-B3DA-0C02AF98C2E7}
		{F948321C-9761-4EB1-83D3-C53F10FDEB82} = {00A7E1FE-E452-4DD7-B3DA-0C02AF98C2E7}
		{96A02184-7FA2-46CA-BC9B-CE2B456DD9DB} = {2D62C8B0-9D52-4822-A24D-CF098249233C}
		{3E8EFE5D-8048-423C-9296-8AEA3A276C69} = {2D62C8B0-9D52-4822-A24D-CF098249233C}
	EndGlobalSection
EndGlobal
